
Microsoft Visual Studio Solution File, Format Version 12.00
# Visual Studio 15
VisualStudioVersion = 15.0.27004.2010
MinimumVisualStudioVersion = 10.0.40219.1
Project("{8BC9CEB8-8B4A-11D0-8D11-00A0C91BC942}") = "exercise11", "exercise11\exercise11.vcxproj", "{5C64218C-5A7B-4C62-B73D-86C0B2D9E50C}"
EndProject
Global
	GlobalSection(SolutionConfigurationPlatforms) = preSolution
		Debug|x64 = Debug|x64
		Debug|x86 = Debug|x86
		Release|x64 = Release|x64
		Release|x86 = Release|x86
	EndGlobalSection
	GlobalSection(ProjectConfigurationPlatforms) = postSolution
		{5C64218C-5A7B-4C62-B73D-86C0B2D9E50C}.Debug|x64.ActiveCfg = Debug|x64
		{5C64218C-5A7B-4C62-B73D-86C0B2D9E50C}.Debug|x64.Build.0 = Debug|x64
		{5C64218C-5A7B-4C62-B73D-86C0B2D9E50C}.Debug|x86.ActiveCfg = Debug|Win32
		{5C64218C-5A7B-4C62-B73D-86C0B2D9E50C}.Debug|x86.Build.0 = Debug|Win32
		{5C64218C-5A7B-4C62-B73D-86C0B2D9E50C}.Release|x64.ActiveCfg = Release|x64
		{5C64218C-5A7B-4C62-B73D-86C0B2D9E50C}.Release|x64.Build.0 = Release|x64
		{5C64218C-5A7B-4C62-B73D-86C0B2D9E50C}.Release|x86.ActiveCfg = Release|Win32
		{5C64218C-5A7B-4C62-B73D-86C0B2D9E50C}.Release|x86.Build.0 = Release|Win32
	EndGlobalSection
	GlobalSection(SolutionProperties) = preSolution
		HideSolutionNode = FALSE
	EndGlobalSection
	GlobalSection(ExtensibilityGlobals) = postSolution
		SolutionGuid = {1C3EC453-D38B-4226-A00E-7EA75D77D138}
	EndGlobalSection
EndGlobal
